{
  "object": {
    "pins": [
      {
        "package": "Presentation",
        "repositoryURL": "https://github.com/SwiftUI-Plus/Presentation.git",
        "state": {
          "branch": null,
          "revision": "4a42febbd651a2aa80241daa455166a3b2f800c9",
          "version": "1.2.0"
        }
      }
    ]
  },
  "version": 1
}
